
Microsoft Visual Studio Solution File, Format Version 11.00
# Visual Studio 2010
Project("{F184B08F-C81C-45F6-A57F-5ABD9991F28F}") = "EjercicioBasico3.3", "EjercicioBasico3.3\EjercicioBasico3.3.vbproj", "{59B4D16D-F4E2-4578-A0E5-68BB56D35BED}"
EndProject
Global
	GlobalSection(SolutionConfigurationPlatforms) = preSolution
		Debug|x86 = Debug|x86
		Release|x86 = Release|x86
	EndGlobalSection
	GlobalSection(ProjectConfigurationPlatforms) = postSolution
		{59B4D16D-F4E2-4578-A0E5-68BB56D35BED}.Debug|x86.ActiveCfg = Debug|x86
		{59B4D16D-F4E2-4578-A0E5-68BB56D35BED}.Debug|x86.Build.0 = Debug|x86
		{59B4D16D-F4E2-4578-A0E5-68BB56D35BED}.Release|x86.ActiveCfg = Release|x86
		{59B4D16D-F4E2-4578-A0E5-68BB56D35BED}.Release|x86.Build.0 = Release|x86
	EndGlobalSection
	GlobalSection(SolutionProperties) = preSolution
		HideSolutionNode = FALSE
	EndGlobalSection
EndGlobal
